
Microsoft Visual Studio Solution File, Format Version 12.00
# Visual Studio 15
VisualStudioVersion = 15.0.26403.7
MinimumVisualStudioVersion = 10.0.40219.1
Project("{9A19103F-16F7-4668-BE54-9A1E7A4F7556}") = "ApiIntergrationTest", "ApiIntergrationTest\ApiIntergrationTest.csproj", "{0387F873-1516-4D0D-9DFD-5EBD98A37AF2}"
EndProject
Project("{9A19103F-16F7-4668-BE54-9A1E7A4F7556}") = "TwitterUserStreamTestConsole", "TwitterUserStreamTestConsole\TwitterUserStreamTestConsole.csproj", "{B8AE818B-DCD2-48F2-8847-AF9A6D5E0FD0}"
EndProject
Project("{FAE04EC0-301F-11D3-BF4B-00C04F79EFBC}") = "TwitterTest", "TwitterTest\TwitterTest.csproj", "{08C2C203-523F-4C5E-B313-BA63F09E08F3}"
EndProject
Global
	GlobalSection(SolutionConfigurationPlatforms) = preSolution
		Debug|Any CPU = Debug|Any CPU
		Release|Any CPU = Release|Any CPU
	EndGlobalSection
	GlobalSection(ProjectConfigurationPlatforms) = postSolution
		{0387F873-1516-4D0D-9DFD-5EBD98A37AF2}.Debug|Any CPU.ActiveCfg = Debug|Any CPU
		{0387F873-1516-4D0D-9DFD-5EBD98A37AF2}.Debug|Any CPU.Build.0 = Debug|Any CPU
		{0387F873-1516-4D0D-9DFD-5EBD98A37AF2}.Release|Any CPU.ActiveCfg = Release|Any CPU
		{0387F873-1516-4D0D-9DFD-5EBD98A37AF2}.Release|Any CPU.Build.0 = Release|Any CPU
		{B8AE818B-DCD2-48F2-8847-AF9A6D5E0FD0}.Debug|Any CPU.ActiveCfg = Debug|Any CPU
		{B8AE818B-DCD2-48F2-8847-AF9A6D5E0FD0}.Debug|Any CPU.Build.0 = Debug|Any CPU
		{B8AE818B-DCD2-48F2-8847-AF9A6D5E0FD0}.Release|Any CPU.ActiveCfg = Release|Any CPU
		{B8AE818B-DCD2-48F2-8847-AF9A6D5E0FD0}.Release|Any CPU.Build.0 = Release|Any CPU
		{08C2C203-523F-4C5E-B313-BA63F09E08F3}.Debug|Any CPU.ActiveCfg = Debug|Any CPU
		{08C2C203-523F-4C5E-B313-BA63F09E08F3}.Debug|Any CPU.Build.0 = Debug|Any CPU
		{08C2C203-523F-4C5E-B313-BA63F09E08F3}.Release|Any CPU.ActiveCfg = Release|Any CPU
		{08C2C203-523F-4C5E-B313-BA63F09E08F3}.Release|Any CPU.Build.0 = Release|Any CPU
	EndGlobalSection
	GlobalSection(SolutionProperties) = preSolution
		HideSolutionNode = FALSE
	EndGlobalSection
EndGlobal
